Microsoft Visual Studio Solution File, Format Version 12.00
# Visual Studio Version 17
VisualStudioVersion = 17.5.2.0
MinimumVisualStudioVersion = 10.0.40219.1
Project("{FAE04EC0-301F-11D3-BF4B-00C04F79EFBC}") = "PantryManager", "PantryManager\PantryManager.csproj", "{EC83BD88-77CC-59CC-70DD-92A9FF0E151F}"
EndProject
Global
	GlobalSection(SolutionConfigurationPlatforms) = preSolution
		Debug|Any CPU = Debug|Any CPU
		Release|Any CPU = Release|Any CPU
	EndGlobalSection
	GlobalSection(ProjectConfigurationPlatforms) = postSolution
		{EC83BD88-77CC-59CC-70DD-92A9FF0E151F}.Debug|Any CPU.ActiveCfg = Debug|Any CPU
		{EC83BD88-77CC-59CC-70DD-92A9FF0E151F}.Debug|Any CPU.Build.0 = Debug|Any CPU
		{EC83BD88-77CC-59CC-70DD-92A9FF0E151F}.Release|Any CPU.ActiveCfg = Release|Any CPU
		{EC83BD88-77CC-59CC-70DD-92A9FF0E151F}.Release|Any CPU.Build.0 = Release|Any CPU
	EndGlobalSection
	GlobalSection(SolutionProperties) = preSolution
		HideSolutionNode = FALSE
	EndGlobalSection
	GlobalSection(ExtensibilityGlobals) = postSolution
		SolutionGuid = {4E3600AE-A518-4A39-8FFE-3FF3526CF715}
	EndGlobalSection
EndGlobal
